
Microsoft Visual Studio Solution File, Format Version 12.00
# Visual Studio 15
VisualStudioVersion = 15.0.27428.2015
MinimumVisualStudioVersion = 10.0.40219.1
Project("{E24C65DC-7377-472B-9ABA-BC803B73C61A}") = "YouYaWeb", ".", "{2316187F-56E5-4C55-B466-397CC59A8462}"
	ProjectSection(WebsiteProperties) = preProject
		TargetFrameworkMoniker = ".NETFramework,Version%3Dv2.0"
		Debug.AspNetCompiler.VirtualPath = "/YouYaWeb"
		Debug.AspNetCompiler.PhysicalPath = "..\YouYaWeb\"
		Debug.AspNetCompiler.TargetPath = "PrecompiledWeb\YouYaWeb\"
		Debug.AspNetCompiler.Updateable = "true"
		Debug.AspNetCompiler.ForceOverwrite = "true"
		Debug.AspNetCompiler.FixedNames = "false"
		Debug.AspNetCompiler.Debug = "True"
		Release.AspNetCompiler.VirtualPath = "/YouYaWeb"
		Release.AspNetCompiler.PhysicalPath = "..\YouYaWeb\"
		Release.AspNetCompiler.TargetPath = "PrecompiledWeb\YouYaWeb\"
		Release.AspNetCompiler.Updateable = "true"
		Release.AspNetCompiler.ForceOverwrite = "true"
		Release.AspNetCompiler.FixedNames = "false"
		Release.AspNetCompiler.Debug = "False"
		VWDPort = "62665"
		SlnRelativePath = "..\YouYaWeb\"
		DefaultWebSiteLanguage = "Visual C#"
	EndProjectSection
EndProject
Global
	GlobalSection(SolutionConfigurationPlatforms) = preSolution
		Debug|.NET = Debug|.NET
		Debug|Any CPU = Debug|Any CPU
		Release|.NET = Release|.NET
		Release|Any CPU = Release|Any CPU
	EndGlobalSection
	GlobalSection(ProjectConfigurationPlatforms) = postSolution
		{2316187F-56E5-4C55-B466-397CC59A8462}.Debug|.NET.ActiveCfg = Debug|Any CPU
		{2316187F-56E5-4C55-B466-397CC59A8462}.Debug|.NET.Build.0 = Debug|Any CPU
		{2316187F-56E5-4C55-B466-397CC59A8462}.Debug|Any CPU.ActiveCfg = Debug|Any CPU
		{2316187F-56E5-4C55-B466-397CC59A8462}.Debug|Any CPU.Build.0 = Debug|Any CPU
		{2316187F-56E5-4C55-B466-397CC59A8462}.Release|.NET.ActiveCfg = Debug|Any CPU
		{2316187F-56E5-4C55-B466-397CC59A8462}.Release|.NET.Build.0 = Debug|Any CPU
		{2316187F-56E5-4C55-B466-397CC59A8462}.Release|Any CPU.ActiveCfg = Debug|Any CPU
		{2316187F-56E5-4C55-B466-397CC59A8462}.Release|Any CPU.Build.0 = Debug|Any CPU
	EndGlobalSection
	GlobalSection(SolutionProperties) = preSolution
		HideSolutionNode = FALSE
	EndGlobalSection
	GlobalSection(ExtensibilityGlobals) = postSolution
		SolutionGuid = {542B65DB-F294-405B-A587-D0A0E43F08CC}
	EndGlobalSection
EndGlobal
